
Microsoft Visual Studio Solution File, Format Version 12.00
# Visual Studio Version 17
VisualStudioVersion = 17.11.35303.130
MinimumVisualStudioVersion = 10.0.40219.1
Project("{FAE04EC0-301F-11D3-BF4B-00C04F79EFBC}") = "lab3_1", "lab3_1\lab3_1.csproj", "{52586B9F-D0F6-49CE-B866-0BC182375C29}"
EndProject
Global
	GlobalSection(SolutionConfigurationPlatforms) = preSolution
		Debug|Any CPU = Debug|Any CPU
		Release|Any CPU = Release|Any CPU
	EndGlobalSection
	GlobalSection(ProjectConfigurationPlatforms) = postSolution
		{52586B9F-D0F6-49CE-B866-0BC182375C29}.Debug|Any CPU.ActiveCfg = Debug|Any CPU
		{52586B9F-D0F6-49CE-B866-0BC182375C29}.Debug|Any CPU.Build.0 = Debug|Any CPU
		{52586B9F-D0F6-49CE-B866-0BC182375C29}.Release|Any CPU.ActiveCfg = Release|Any CPU
		{52586B9F-D0F6-49CE-B866-0BC182375C29}.Release|Any CPU.Build.0 = Release|Any CPU
	EndGlobalSection
	GlobalSection(SolutionProperties) = preSolution
		HideSolutionNode = FALSE
	EndGlobalSection
	GlobalSection(ExtensibilityGlobals) = postSolution
		SolutionGuid = {E5D96444-6FDD-4C54-8129-7DCF4CB9BD09}
	EndGlobalSection
EndGlobal
